{
  "name": "weather",
  "version": "0.0.1",
  "lockfileVersion": 1,
  "requires": true,
  "dependencies": {
    "format-json-stream": {
      "version": "0.1.5",
      "resolved": "https://registry.npmjs.org/format-json-stream/-/format-json-stream-0.1.5.tgz",
      "integrity": "sha1-g+OQ6c0nqWhaPhSuaFv3OyXcvPQ=",
      "requires": {
        "string2stream": "0.0.2",
        "through": "~2.3.4"
      }
    },
    "string2stream": {
      "version": "0.0.2",
      "resolved": "https://registry.npmjs.org/string2stream/-/string2stream-0.0.2.tgz",
      "integrity": "sha1-X/80iO6gu8VJLjHeJADk93Rh/S4="
    },
    "through": {
      "version": "2.3.8",
      "resolved": "https://registry.npmjs.org/through/-/through-2.3.8.tgz",
      "integrity": "sha1-DdTJ/6q8NXlgsbckEV1+Doai4fU="
    },
    "xml-to-json-stream": {
      "version": "1.0.5",
      "resolved": "https://registry.npmjs.org/xml-to-json-stream/-/xml-to-json-stream-1.0.5.tgz",
      "integrity": "sha512-djyJKP+nrFxragkI3WLV/LEUU7DULO6oa8qtA8OqgTCrAS/AgoFfD8JPDkYYvLRUT4ZKzmAHsuFkOKzkCvsqhw=="
    }
  }
}
